<?xml version="1.0" encoding="utf-8"?>
<Project ToolsVersion="4.0" xmlns="http://schemas.microsoft.com/developer/msbuild/2003">
  <ItemGroup>
    <Filter Include="소스 파일">
      <UniqueIdentifier>{4FC737F1-C7A5-4376-A066-2A32D752A2FF}</UniqueIdentifier>
      <Extensions>cpp;c;cc;cxx;def;odl;idl;hpj;bat;asm;asmx</Extensions>
    </Filter>
    <Filter Include="헤더 파일">
      <UniqueIdentifier>{93995380-89BD-4b04-88EB-625FBE52EBFB}</UniqueIdentifier>
      <Extensions>h;hh;hpp;hxx;hm;inl;inc;xsd</Extensions>
    </Filter>
    <Filter Include="리소스 파일">
      <UniqueIdentifier>{67DA6AB6-F800-4c08-8B7A-83BB121AAD01}</UniqueIdentifier>
      <Extensions>rc;ico;cur;bmp;dlg;rc2;rct;bin;rgs;gif;jpg;jpeg;jpe;resx;tiff;tif;png;wav;mfcribbon-ms</Extensions>
    </Filter>
    <Filter Include="소스 파일\objects">
      <UniqueIdentifier>{a395b214-6257-43a9-a459-93354d2ea6d0}</UniqueIdentifier>
    </Filter>
    <Filter Include="리소스 파일\datas">
      <UniqueIdentifier>{a149df71-9baa-454a-be0b-547627494287}</UniqueIdentifier>
    </Filter>
    <Filter Include="소스 파일\scenes">
      <UniqueIdentifier>{95e984a0-ed5b-478d-920d-6e102f247691}</UniqueIdentifier>
    </Filter>
    <Filter Include="소스 파일\panes">
      <UniqueIdentifier>{491e2cf9-53ed-4e21-87f6-6d3d4a505a6b}</UniqueIdentifier>
    </Filter>
    <Filter Include="소스 파일\managers">
      <UniqueIdentifier>{ce3735c6-26c8-4e0b-ae3b-843ce1a0f36f}</UniqueIdentifier>
    </Filter>
    <Filter Include="헤더 파일\managers">
      <UniqueIdentifier>{55c7a25f-e9c5-4564-9848-f2029abf340e}</UniqueIdentifier>
    </Filter>
    <Filter Include="헤더 파일\objects">
      <UniqueIdentifier>{50a3f3d5-de9a-4e94-8875-f4c2932f3841}</UniqueIdentifier>
    </Filter>
    <Filter Include="헤더 파일\panes">
      <UniqueIdentifier>{26f77563-536d-43da-8ea0-d5076f902175}</UniqueIdentifier>
    </Filter>
    <Filter Include="헤더 파일\scenes">
      <UniqueIdentifier>{e1f4e0e8-5507-497f-8a66-b9efa9c08496}</UniqueIdentifier>
    </Filter>
    <Filter Include="소스 파일\utils">
      <UniqueIdentifier>{a7ed84ae-bc6a-4ae6-bfb7-a716107af2a8}</UniqueIdentifier>
    </Filter>
    <Filter Include="헤더 파일\utils">
      <UniqueIdentifier>{e4651660-8678-42d4-a623-08e001d95afb}</UniqueIdentifier>
    </Filter>
  </ItemGroup>
  <ItemGroup>
    <ClInclude Include="objects\Box.h">
      <Filter>헤더 파일\objects</Filter>
    </ClInclude>
    <ClInclude Include="objects\Goal.h">
      <Filter>헤더 파일\objects</Filter>
    </ClInclude>
    <ClInclude Include="objects\User.h">
      <Filter>헤더 파일\objects</Filter>
    </ClInclude>
    <ClInclude Include="panes\Pane.h">
      <Filter>헤더 파일\panes</Filter>
    </ClInclude>
    <ClInclude Include="scenes\StartScene.h">
      <Filter>헤더 파일\scenes</Filter>
    </ClInclude>
    <ClInclude Include="panes\MenuPane.h">
      <Filter>헤더 파일\panes</Filter>
    </ClInclude>
    <ClInclude Include="utils\define.h">
      <Filter>헤더 파일\utils</Filter>
    </ClInclude>
    <ClInclude Include="utils\FileManager.h">
      <Filter>헤더 파일\utils</Filter>
    </ClInclude>
    <ClInclude Include="scenes\GameScene.h">
      <Filter>헤더 파일\scenes</Filter>
    </ClInclude>
    <ClInclude Include="scenes\RankingScene.h">
      <Filter>헤더 파일\scenes</Filter>
    </ClInclude>
    <ClInclude Include="panes\GamePane.h">
      <Filter>헤더 파일\panes</Filter>
    </ClInclude>
    <ClInclude Include="managers\GameManager.h">
      <Filter>헤더 파일\managers</Filter>
    </ClInclude>
    <ClInclude Include="managers\SceneManager.h">
      <Filter>헤더 파일\managers</Filter>
    </ClInclude>
    <ClInclude Include="objects\Wall.h">
      <Filter>헤더 파일\objects</Filter>
    </ClInclude>
    <ClInclude Include="objects\Object.h">
      <Filter>헤더 파일\objects</Filter>
    </ClInclude>
    <ClInclude Include="managers\ObjectManager.h">
      <Filter>헤더 파일\managers</Filter>
    </ClInclude>
    <ClInclude Include="objects\Road.h">
      <Filter>헤더 파일\objects</Filter>
    </ClInclude>
    <ClInclude Include="panes\InfoPane.h">
      <Filter>헤더 파일\panes</Filter>
    </ClInclude>
    <ClInclude Include="panes\GuidePane.h">
      <Filter>헤더 파일\panes</Filter>
    </ClInclude>
    <ClInclude Include="utils\Ranking.h">
      <Filter>헤더 파일\utils</Filter>
    </ClInclude>
  </ItemGroup>
  <ItemGroup>
    <ClCompile Include="Main.cpp">
      <Filter>소스 파일</Filter>
    </ClCompile>
    <ClCompile Include="objects\Box.cpp">
      <Filter>소스 파일\objects</Filter>
    </ClCompile>
    <ClCompile Include="objects\Goal.cpp">
      <Filter>소스 파일\objects</Filter>
    </ClCompile>
    <ClCompile Include="objects\User.cpp">
      <Filter>소스 파일\objects</Filter>
    </ClCompile>
    <ClCompile Include="scenes\StartScene.cpp">
      <Filter>소스 파일\scenes</Filter>
    </ClCompile>
    <ClCompile Include="panes\MenuPane.cpp">
      <Filter>소스 파일\panes</Filter>
    </ClCompile>
    <ClCompile Include="panes\Pane.cpp">
      <Filter>소스 파일\panes</Filter>
    </ClCompile>
    <ClCompile Include="managers\SceneManager.cpp">
      <Filter>소스 파일\managers</Filter>
    </ClCompile>
    <ClCompile Include="utils\FileManager.cpp">
      <Filter>소스 파일\utils</Filter>
    </ClCompile>
    <ClCompile Include="scenes\GameScene.cpp">
      <Filter>소스 파일\scenes</Filter>
    </ClCompile>
    <ClCompile Include="scenes\RankingScene.cpp">
      <Filter>소스 파일\scenes</Filter>
    </ClCompile>
    <ClCompile Include="panes\GamePane.cpp">
      <Filter>소스 파일\panes</Filter>
    </ClCompile>
    <ClCompile Include="managers\GameManager.cpp">
      <Filter>소스 파일\managers</Filter>
    </ClCompile>
    <ClCompile Include="objects\Wall.cpp">
      <Filter>소스 파일\objects</Filter>
    </ClCompile>
    <ClCompile Include="objects\Object.cpp">
      <Filter>소스 파일\objects</Filter>
    </ClCompile>
    <ClCompile Include="managers\ObjectManager.cpp">
      <Filter>소스 파일\managers</Filter>
    </ClCompile>
    <ClCompile Include="objects\Road.cpp">
      <Filter>소스 파일\objects</Filter>
    </ClCompile>
    <ClCompile Include="panes\InfoPane.cpp">
      <Filter>소스 파일\panes</Filter>
    </ClCompile>
    <ClCompile Include="panes\GuidePane.cpp">
      <Filter>소스 파일\panes</Filter>
    </ClCompile>
    <ClCompile Include="utils\Ranking.cpp">
      <Filter>소스 파일\utils</Filter>
    </ClCompile>
  </ItemGroup>
  <ItemGroup>
    <None Include="datas\menu.dat">
      <Filter>리소스 파일\datas</Filter>
    </None>
    <None Include="datas\startscene.dat">
      <Filter>리소스 파일\datas</Filter>
    </None>
    <None Include="datas\map1.dat">
      <Filter>리소스 파일\datas</Filter>
    </None>
    <None Include="datas\map2.dat">
      <Filter>리소스 파일\datas</Filter>
    </None>
    <None Include="datas\info.dat">
      <Filter>리소스 파일\datas</Filter>
    </None>
    <None Include="datas\map3.dat">
      <Filter>리소스 파일\datas</Filter>
    </None>
    <None Include="datas\map4.dat">
      <Filter>리소스 파일\datas</Filter>
    </None>
    <None Include="datas\map5.dat">
      <Filter>리소스 파일\datas</Filter>
    </None>
    <None Include="datas\guide.dat">
      <Filter>리소스 파일\datas</Filter>
    </None>
  </ItemGroup>
  <ItemGroup>
    <Text Include="utils\rank.txt">
      <Filter>헤더 파일\utils</Filter>
    </Text>
    <Text Include="datas\rank.txt">
      <Filter>리소스 파일\datas</Filter>
    </Text>
  </ItemGroup>
</Project>